
Microsoft Visual Studio Solution File, Format Version 12.00
# Visual Studio 15
VisualStudioVersion = 15.0.28307.421
MinimumVisualStudioVersion = 10.0.40219.1
Project("{FAE04EC0-301F-11D3-BF4B-00C04F79EFBC}") = "CommunitySupportForm", "CommunitySupportForm\CommunitySupportForm.csproj", "{C17CBE29-5327-4F55-B1D3-55C975B67243}"
EndProject
Global
	GlobalSection(SolutionConfigurationPlatforms) = preSolution
		Debug|Any CPU = Debug|Any CPU
		Release|Any CPU = Release|Any CPU
	EndGlobalSection
	GlobalSection(ProjectConfigurationPlatforms) = postSolution
		{C17CBE29-5327-4F55-B1D3-55C975B67243}.Debug|Any CPU.ActiveCfg = Debug|Any CPU
		{C17CBE29-5327-4F55-B1D3-55C975B67243}.Debug|Any CPU.Build.0 = Debug|Any CPU
		{C17CBE29-5327-4F55-B1D3-55C975B67243}.Release|Any CPU.ActiveCfg = Release|Any CPU
		{C17CBE29-5327-4F55-B1D3-55C975B67243}.Release|Any CPU.Build.0 = Release|Any CPU
	EndGlobalSection
	GlobalSection(SolutionProperties) = preSolution
		HideSolutionNode = FALSE
	EndGlobalSection
	GlobalSection(ExtensibilityGlobals) = postSolution
		SolutionGuid = {BE4BE05A-277E-41F4-A74D-6903AAE9B5A0}
	EndGlobalSection
EndGlobal
